
Microsoft Visual Studio Solution File, Format Version 12.00
# Visual Studio Version 16
VisualStudioVersion = 16.0.31025.194
MinimumVisualStudioVersion = 10.0.40219.1
Project("{FAE04EC0-301F-11D3-BF4B-00C04F79EFBC}") = "ViewLayer", "ViewLayer.csproj", "{824BD0FB-81CB-45FB-A93C-22EA9BC270FE}"
EndProject
Project("{FAE04EC0-301F-11D3-BF4B-00C04F79EFBC}") = "DataLayer", "..\Data Layer\DataLayer.csproj", "{1D829174-5D42-49DA-A689-84E45CCCAA17}"
EndProject
Project("{FAE04EC0-301F-11D3-BF4B-00C04F79EFBC}") = "LogicLayer", "..\Logic Layer\LogicLayer.csproj", "{8DC71D25-77F6-4420-BDC4-C032AAD47C18}"
EndProject
Project("{FAE04EC0-301F-11D3-BF4B-00C04F79EFBC}") = "UnitTests", "..\UnitTests\UnitTests.csproj", "{7B8DFF2D-9E0D-4F50-802A-40A5893CCDD1}"
EndProject
Global
	GlobalSection(SolutionConfigurationPlatforms) = preSolution
		Debug|Any CPU = Debug|Any CPU
		Release|Any CPU = Release|Any CPU
	EndGlobalSection
	GlobalSection(ProjectConfigurationPlatforms) = postSolution
		{824BD0FB-81CB-45FB-A93C-22EA9BC270FE}.Debug|Any CPU.ActiveCfg = Debug|Any CPU
		{824BD0FB-81CB-45FB-A93C-22EA9BC270FE}.Debug|Any CPU.Build.0 = Debug|Any CPU
		{824BD0FB-81CB-45FB-A93C-22EA9BC270FE}.Release|Any CPU.ActiveCfg = Release|Any CPU
		{824BD0FB-81CB-45FB-A93C-22EA9BC270FE}.Release|Any CPU.Build.0 = Release|Any CPU
		{1D829174-5D42-49DA-A689-84E45CCCAA17}.Debug|Any CPU.ActiveCfg = Debug|Any CPU
		{1D829174-5D42-49DA-A689-84E45CCCAA17}.Debug|Any CPU.Build.0 = Debug|Any CPU
		{1D829174-5D42-49DA-A689-84E45CCCAA17}.Release|Any CPU.ActiveCfg = Release|Any CPU
		{1D829174-5D42-49DA-A689-84E45CCCAA17}.Release|Any CPU.Build.0 = Release|Any CPU
		{8DC71D25-77F6-4420-BDC4-C032AAD47C18}.Debug|Any CPU.ActiveCfg = Debug|Any CPU
		{8DC71D25-77F6-4420-BDC4-C032AAD47C18}.Debug|Any CPU.Build.0 = Debug|Any CPU
		{8DC71D25-77F6-4420-BDC4-C032AAD47C18}.Release|Any CPU.ActiveCfg = Release|Any CPU
		{8DC71D25-77F6-4420-BDC4-C032AAD47C18}.Release|Any CPU.Build.0 = Release|Any CPU
		{7B8DFF2D-9E0D-4F50-802A-40A5893CCDD1}.Debug|Any CPU.ActiveCfg = Debug|Any CPU
		{7B8DFF2D-9E0D-4F50-802A-40A5893CCDD1}.Debug|Any CPU.Build.0 = Debug|Any CPU
		{7B8DFF2D-9E0D-4F50-802A-40A5893CCDD1}.Release|Any CPU.ActiveCfg = Release|Any CPU
		{7B8DFF2D-9E0D-4F50-802A-40A5893CCDD1}.Release|Any CPU.Build.0 = Release|Any CPU
	EndGlobalSection
	GlobalSection(SolutionProperties) = preSolution
		HideSolutionNode = FALSE
	EndGlobalSection
	GlobalSection(ExtensibilityGlobals) = postSolution
		SolutionGuid = {C765D396-C122-4022-96D2-6BF0AC070E6A}
	EndGlobalSection
EndGlobal
