
Microsoft Visual Studio Solution File, Format Version 12.00
# Visual Studio Version 16
VisualStudioVersion = 16.0.31025.194
MinimumVisualStudioVersion = 10.0.40219.1
Project("{9A19103F-16F7-4668-BE54-9A1E7A4F7556}") = "DataLayer", "..\Data Layer\DataLayer.csproj", "{1D829174-5D42-49DA-A689-84E45CCCAA17}"
EndProject
Project("{9A19103F-16F7-4668-BE54-9A1E7A4F7556}") = "LogicLayer", "..\Logic Layer\LogicLayer.csproj", "{8DC71D25-77F6-4420-BDC4-C032AAD47C18}"
EndProject
Project("{9A19103F-16F7-4668-BE54-9A1E7A4F7556}") = "UnitTests", "..\UnitTests\UnitTests.csproj", "{7B8DFF2D-9E0D-4F50-802A-40A5893CCDD1}"
	ProjectSection(ProjectDependencies) = postProject
		{8DC71D25-77F6-4420-BDC4-C032AAD47C18} = {8DC71D25-77F6-4420-BDC4-C032AAD47C18}
		{1D829174-5D42-49DA-A689-84E45CCCAA17} = {1D829174-5D42-49DA-A689-84E45CCCAA17}
	EndProjectSection
EndProject
Project("{9A19103F-16F7-4668-BE54-9A1E7A4F7556}") = "PresentationLayer", "PresentationLayer\PresentationLayer.csproj", "{E16AA618-E990-45AD-A079-762F00C60D97}"
EndProject
Project("{9A19103F-16F7-4668-BE54-9A1E7A4F7556}") = "WebsocketServerData", "WebsocketServerData\WebsocketServerData.csproj", "{CF60B4FE-861E-40D8-B45C-DE21BE10C237}"
EndProject
Project("{9A19103F-16F7-4668-BE54-9A1E7A4F7556}") = "WebsocketServerLogic", "WebsocketServerLogic\WebsocketServerLogic.csproj", "{0DA082DC-09F3-4C66-AF06-881A61D3F16A}"
EndProject
Project("{FAE04EC0-301F-11D3-BF4B-00C04F79EFBC}") = "WebsocketServerPresentation", "WebsocketServerPresentation\WebsocketServerPresentation.csproj", "{3FB0614B-F307-4812-B198-3C0F58BCE854}"
EndProject
Global
	GlobalSection(SolutionConfigurationPlatforms) = preSolution
		Debug|Any CPU = Debug|Any CPU
		Release|Any CPU = Release|Any CPU
	EndGlobalSection
	GlobalSection(ProjectConfigurationPlatforms) = postSolution
		{1D829174-5D42-49DA-A689-84E45CCCAA17}.Debug|Any CPU.ActiveCfg = Debug|Any CPU
		{1D829174-5D42-49DA-A689-84E45CCCAA17}.Debug|Any CPU.Build.0 = Debug|Any CPU
		{1D829174-5D42-49DA-A689-84E45CCCAA17}.Release|Any CPU.ActiveCfg = Release|Any CPU
		{1D829174-5D42-49DA-A689-84E45CCCAA17}.Release|Any CPU.Build.0 = Release|Any CPU
		{8DC71D25-77F6-4420-BDC4-C032AAD47C18}.Debug|Any CPU.ActiveCfg = Debug|Any CPU
		{8DC71D25-77F6-4420-BDC4-C032AAD47C18}.Debug|Any CPU.Build.0 = Debug|Any CPU
		{8DC71D25-77F6-4420-BDC4-C032AAD47C18}.Release|Any CPU.ActiveCfg = Release|Any CPU
		{8DC71D25-77F6-4420-BDC4-C032AAD47C18}.Release|Any CPU.Build.0 = Release|Any CPU
		{7B8DFF2D-9E0D-4F50-802A-40A5893CCDD1}.Debug|Any CPU.ActiveCfg = Debug|Any CPU
		{7B8DFF2D-9E0D-4F50-802A-40A5893CCDD1}.Debug|Any CPU.Build.0 = Debug|Any CPU
		{7B8DFF2D-9E0D-4F50-802A-40A5893CCDD1}.Release|Any CPU.ActiveCfg = Release|Any CPU
		{7B8DFF2D-9E0D-4F50-802A-40A5893CCDD1}.Release|Any CPU.Build.0 = Release|Any CPU
		{E16AA618-E990-45AD-A079-762F00C60D97}.Debug|Any CPU.ActiveCfg = Debug|Any CPU
		{E16AA618-E990-45AD-A079-762F00C60D97}.Debug|Any CPU.Build.0 = Debug|Any CPU
		{E16AA618-E990-45AD-A079-762F00C60D97}.Release|Any CPU.ActiveCfg = Release|Any CPU
		{E16AA618-E990-45AD-A079-762F00C60D97}.Release|Any CPU.Build.0 = Release|Any CPU
		{CF60B4FE-861E-40D8-B45C-DE21BE10C237}.Debug|Any CPU.ActiveCfg = Debug|Any CPU
		{CF60B4FE-861E-40D8-B45C-DE21BE10C237}.Debug|Any CPU.Build.0 = Debug|Any CPU
		{CF60B4FE-861E-40D8-B45C-DE21BE10C237}.Release|Any CPU.ActiveCfg = Release|Any CPU
		{CF60B4FE-861E-40D8-B45C-DE21BE10C237}.Release|Any CPU.Build.0 = Release|Any CPU
		{0DA082DC-09F3-4C66-AF06-881A61D3F16A}.Debug|Any CPU.ActiveCfg = Debug|Any CPU
		{0DA082DC-09F3-4C66-AF06-881A61D3F16A}.Debug|Any CPU.Build.0 = Debug|Any CPU
		{0DA082DC-09F3-4C66-AF06-881A61D3F16A}.Release|Any CPU.ActiveCfg = Release|Any CPU
		{0DA082DC-09F3-4C66-AF06-881A61D3F16A}.Release|Any CPU.Build.0 = Release|Any CPU
		{3FB0614B-F307-4812-B198-3C0F58BCE854}.Debug|Any CPU.ActiveCfg = Debug|Any CPU
		{3FB0614B-F307-4812-B198-3C0F58BCE854}.Debug|Any CPU.Build.0 = Debug|Any CPU
		{3FB0614B-F307-4812-B198-3C0F58BCE854}.Release|Any CPU.ActiveCfg = Release|Any CPU
		{3FB0614B-F307-4812-B198-3C0F58BCE854}.Release|Any CPU.Build.0 = Release|Any CPU
	EndGlobalSection
	GlobalSection(SolutionProperties) = preSolution
		HideSolutionNode = FALSE
	EndGlobalSection
	GlobalSection(ExtensibilityGlobals) = postSolution
		SolutionGuid = {C765D396-C122-4022-96D2-6BF0AC070E6A}
	EndGlobalSection
EndGlobal
