
Microsoft Visual Studio Solution File, Format Version 12.00
# Visual Studio Version 16
VisualStudioVersion = 16.0.31025.194
MinimumVisualStudioVersion = 10.0.40219.1
Project("{9A19103F-16F7-4668-BE54-9A1E7A4F7556}") = "DataLayer", "..\Data Layer\DataLayer.csproj", "{1D829174-5D42-49DA-A689-84E45CCCAA17}"
EndProject
Project("{9A19103F-16F7-4668-BE54-9A1E7A4F7556}") = "LogicLayer", "..\Logic Layer\LogicLayer.csproj", "{8DC71D25-77F6-4420-BDC4-C032AAD47C18}"
EndProject
Project("{9A19103F-16F7-4668-BE54-9A1E7A4F7556}") = "UnitTests", "..\UnitTests\UnitTests.csproj", "{7B8DFF2D-9E0D-4F50-802A-40A5893CCDD1}"
	ProjectSection(ProjectDependencies) = postProject
		{8DC71D25-77F6-4420-BDC4-C032AAD47C18} = {8DC71D25-77F6-4420-BDC4-C032AAD47C18}
		{1D829174-5D42-49DA-A689-84E45CCCAA17} = {1D829174-5D42-49DA-A689-84E45CCCAA17}
	EndProjectSection
EndProject
Project("{9A19103F-16F7-4668-BE54-9A1E7A4F7556}") = "PresentationLayer", "PresentationLayer\PresentationLayer.csproj", "{E16AA618-E990-45AD-A079-762F00C60D97}"
EndProject
Project("{FAE04EC0-301F-11D3-BF4B-00C04F79EFBC}") = "WebsocketServer", "WebsocketServer\WebsocketServer.csproj", "{E90F12D0-1636-4103-A221-5AB62D83D5E3}"
EndProject
Global
	GlobalSection(SolutionConfigurationPlatforms) = preSolution
		Debug|Any CPU = Debug|Any CPU
		Release|Any CPU = Release|Any CPU
	EndGlobalSection
	GlobalSection(ProjectConfigurationPlatforms) = postSolution
		{1D829174-5D42-49DA-A689-84E45CCCAA17}.Debug|Any CPU.ActiveCfg = Debug|Any CPU
		{1D829174-5D42-49DA-A689-84E45CCCAA17}.Debug|Any CPU.Build.0 = Debug|Any CPU
		{1D829174-5D42-49DA-A689-84E45CCCAA17}.Release|Any CPU.ActiveCfg = Release|Any CPU
		{1D829174-5D42-49DA-A689-84E45CCCAA17}.Release|Any CPU.Build.0 = Release|Any CPU
		{8DC71D25-77F6-4420-BDC4-C032AAD47C18}.Debug|Any CPU.ActiveCfg = Debug|Any CPU
		{8DC71D25-77F6-4420-BDC4-C032AAD47C18}.Debug|Any CPU.Build.0 = Debug|Any CPU
		{8DC71D25-77F6-4420-BDC4-C032AAD47C18}.Release|Any CPU.ActiveCfg = Release|Any CPU
		{8DC71D25-77F6-4420-BDC4-C032AAD47C18}.Release|Any CPU.Build.0 = Release|Any CPU
		{7B8DFF2D-9E0D-4F50-802A-40A5893CCDD1}.Debug|Any CPU.ActiveCfg = Debug|Any CPU
		{7B8DFF2D-9E0D-4F50-802A-40A5893CCDD1}.Debug|Any CPU.Build.0 = Debug|Any CPU
		{7B8DFF2D-9E0D-4F50-802A-40A5893CCDD1}.Release|Any CPU.ActiveCfg = Release|Any CPU
		{7B8DFF2D-9E0D-4F50-802A-40A5893CCDD1}.Release|Any CPU.Build.0 = Release|Any CPU
		{E16AA618-E990-45AD-A079-762F00C60D97}.Debug|Any CPU.ActiveCfg = Debug|Any CPU
		{E16AA618-E990-45AD-A079-762F00C60D97}.Debug|Any CPU.Build.0 = Debug|Any CPU
		{E16AA618-E990-45AD-A079-762F00C60D97}.Release|Any CPU.ActiveCfg = Release|Any CPU
		{E16AA618-E990-45AD-A079-762F00C60D97}.Release|Any CPU.Build.0 = Release|Any CPU
		{E90F12D0-1636-4103-A221-5AB62D83D5E3}.Debug|Any CPU.ActiveCfg = Debug|Any CPU
		{E90F12D0-1636-4103-A221-5AB62D83D5E3}.Debug|Any CPU.Build.0 = Debug|Any CPU
		{E90F12D0-1636-4103-A221-5AB62D83D5E3}.Release|Any CPU.ActiveCfg = Release|Any CPU
		{E90F12D0-1636-4103-A221-5AB62D83D5E3}.Release|Any CPU.Build.0 = Release|Any CPU
	EndGlobalSection
	GlobalSection(SolutionProperties) = preSolution
		HideSolutionNode = FALSE
	EndGlobalSection
	GlobalSection(ExtensibilityGlobals) = postSolution
		SolutionGuid = {C765D396-C122-4022-96D2-6BF0AC070E6A}
	EndGlobalSection
EndGlobal
